
Microsoft Visual Studio Solution File, Format Version 12.00
# Visual Studio Version 16
VisualStudioVersion = 16.0.33130.400
MinimumVisualStudioVersion = 10.0.40219.1
Project("{FAE04EC0-301F-11D3-BF4B-00C04F79EFBC}") = "MvcUI", "MvcUI\MvcUI.csproj", "{62A449C6-EBFD-4566-A9C3-C1B7D8C8F49D}"
EndProject
Project("{FAE04EC0-301F-11D3-BF4B-00C04F79EFBC}") = "DataLibrary", "DataLibrary\DataLibrary.csproj", "{C46DDF6D-D19A-46E5-9973-1D0DA9A69752}"
EndProject
Project("{00D1A9C2-B5F0-4AF3-8072-F6C62B433612}") = "MVCDatabase", "MVCDatabase\MVCDatabase.sqlproj", "{27E27F0F-B030-4353-9CF4-709BA91F042F}"
EndProject
Global
	GlobalSection(SolutionConfigurationPlatforms) = preSolution
		Debug|Any CPU = Debug|Any CPU
		Release|Any CPU = Release|Any CPU
	EndGlobalSection
	GlobalSection(ProjectConfigurationPlatforms) = postSolution
		{62A449C6-EBFD-4566-A9C3-C1B7D8C8F49D}.Debug|Any CPU.ActiveCfg = Debug|Any CPU
		{62A449C6-EBFD-4566-A9C3-C1B7D8C8F49D}.Debug|Any CPU.Build.0 = Debug|Any CPU
		{62A449C6-EBFD-4566-A9C3-C1B7D8C8F49D}.Release|Any CPU.ActiveCfg = Release|Any CPU
		{62A449C6-EBFD-4566-A9C3-C1B7D8C8F49D}.Release|Any CPU.Build.0 = Release|Any CPU
		{C46DDF6D-D19A-46E5-9973-1D0DA9A69752}.Debug|Any CPU.ActiveCfg = Debug|Any CPU
		{C46DDF6D-D19A-46E5-9973-1D0DA9A69752}.Debug|Any CPU.Build.0 = Debug|Any CPU
		{C46DDF6D-D19A-46E5-9973-1D0DA9A69752}.Release|Any CPU.ActiveCfg = Release|Any CPU
		{C46DDF6D-D19A-46E5-9973-1D0DA9A69752}.Release|Any CPU.Build.0 = Release|Any CPU
		{27E27F0F-B030-4353-9CF4-709BA91F042F}.Debug|Any CPU.ActiveCfg = Debug|Any CPU
		{27E27F0F-B030-4353-9CF4-709BA91F042F}.Debug|Any CPU.Build.0 = Debug|Any CPU
		{27E27F0F-B030-4353-9CF4-709BA91F042F}.Debug|Any CPU.Deploy.0 = Debug|Any CPU
		{27E27F0F-B030-4353-9CF4-709BA91F042F}.Release|Any CPU.ActiveCfg = Release|Any CPU
		{27E27F0F-B030-4353-9CF4-709BA91F042F}.Release|Any CPU.Build.0 = Release|Any CPU
		{27E27F0F-B030-4353-9CF4-709BA91F042F}.Release|Any CPU.Deploy.0 = Release|Any CPU
	EndGlobalSection
	GlobalSection(SolutionProperties) = preSolution
		HideSolutionNode = FALSE
	EndGlobalSection
	GlobalSection(ExtensibilityGlobals) = postSolution
		SolutionGuid = {D7530B13-A2D2-4523-95A3-F18755B1882A}
	EndGlobalSection
EndGlobal
